
Microsoft Visual Studio Solution File, Format Version 12.00
# Visual Studio Version 17
VisualStudioVersion = 17.0.31903.59
MinimumVisualStudioVersion = 10.0.40219.1
Project("{2150E333-8FDC-42A3-9474-1A3956D46DE8}") = "Solution Items", "Solution Items", "{6591EE31-EC2E-441E-AFF5-9E357CF74E6A}"
	ProjectSection(SolutionItems) = preProject
		.dockerignore = .dockerignore
		.editorconfig = .editorconfig
		src\docker-compose.override.yml = src\docker-compose.override.yml
		src\docker-compose.yml = src\docker-compose.yml
		global.json = global.json
		README.md = README.md
		resources\Tedu-Microservices-Solution_Architect.jpg = resources\Tedu-Microservices-Solution_Architect.jpg
	EndProjectSection
EndProject
Project("{2150E333-8FDC-42A3-9474-1A3956D46DE8}") = "src", "src", "{967A9BC6-537B-4597-B9B1-6599277A9E1B}"
EndProject
Project("{2150E333-8FDC-42A3-9474-1A3956D46DE8}") = "tests", "tests", "{2EEB3CF5-9B2D-4CE8-938A-98D20752121F}"
EndProject
Project("{2150E333-8FDC-42A3-9474-1A3956D46DE8}") = "ApiGateways", "ApiGateways", "{AAFB5B3F-E2BB-45A1-A6BB-52F8B4ED19DD}"
EndProject
Project("{2150E333-8FDC-42A3-9474-1A3956D46DE8}") = "BuildingBlocks", "BuildingBlocks", "{5F8B2AD4-5D62-4D82-AB9A-5A6F4C0485A9}"
EndProject
Project("{2150E333-8FDC-42A3-9474-1A3956D46DE8}") = "Services", "Services", "{6E5408BB-BD1A-49A3-9309-FEEEE66F96A9}"
EndProject
Project("{2150E333-8FDC-42A3-9474-1A3956D46DE8}") = "WebApps", "WebApps", "{BA1A73EF-EC60-4E9D-8BA8-090B86C7A167}"
EndProject
Project("{9A19103F-16F7-4668-BE54-9A1E7A4F7556}") = "Common.Logging", "src\BuildingBlocks\Common.Logging\Common.Logging.csproj", "{818C972B-7BD2-4D4B-8C29-3E1398F973FC}"
EndProject
Project("{2150E333-8FDC-42A3-9474-1A3956D46DE8}") = "Basket", "Basket", "{F48FEF35-EDB2-4060-A979-B87D2C1D8F71}"
EndProject
Project("{2150E333-8FDC-42A3-9474-1A3956D46DE8}") = "Customer", "Customer", "{3384165A-921D-41D8-971C-D616B08E91FB}"
EndProject
Project("{2150E333-8FDC-42A3-9474-1A3956D46DE8}") = "Inventory", "Inventory", "{EAD10AFA-9958-4F09-B5A9-3C518AA5A6A1}"
EndProject
Project("{2150E333-8FDC-42A3-9474-1A3956D46DE8}") = "Ordering", "Ordering", "{E43857A4-3F08-4A47-9045-79469E0C5701}"
EndProject
Project("{2150E333-8FDC-42A3-9474-1A3956D46DE8}") = "Product", "Product", "{C56328F9-F260-4A4A-9F6A-47236601F780}"
EndProject
Project("{2150E333-8FDC-42A3-9474-1A3956D46DE8}") = "ScheduledJob", "ScheduledJob", "{70CEBA62-B438-4BCB-A7BB-6DB1E39B3DB3}"
EndProject
Project("{9A19103F-16F7-4668-BE54-9A1E7A4F7556}") = "WebHealthStatus", "src\WebApps\WebHealthStatus\WebHealthStatus.csproj", "{8AA7D96B-2D4E-42B9-8869-98C25AE59DE9}"
EndProject
Project("{9A19103F-16F7-4668-BE54-9A1E7A4F7556}") = "Basket.API", "src\Services\Basket.API\Basket.API.csproj", "{795AF61E-40AE-4363-8126-D1EF3E2CF7FB}"
EndProject
Project("{9A19103F-16F7-4668-BE54-9A1E7A4F7556}") = "Customer.API", "src\Services\Customer.API\Customer.API.csproj", "{C920027D-93DD-4829-93EF-499F95E97EF7}"
EndProject
Project("{9A19103F-16F7-4668-BE54-9A1E7A4F7556}") = "Product.API", "src\Services\Product.API\Product.API.csproj", "{C3E9C2F4-65E7-4EC5-994B-5580FBE3C326}"
EndProject
Project("{9A19103F-16F7-4668-BE54-9A1E7A4F7556}") = "Hangfire.API", "src\Services\Hangfire.API\Hangfire.API.csproj", "{59B2D52D-66B0-45DB-8237-5DEB4EBB99D8}"
EndProject
Project("{9A19103F-16F7-4668-BE54-9A1E7A4F7556}") = "Contracts", "src\BuildingBlocks\Contracts\Contracts.csproj", "{27723EF1-6439-4389-9AE9-C03CB207D493}"
EndProject
Project("{9A19103F-16F7-4668-BE54-9A1E7A4F7556}") = "Infrastructure", "src\BuildingBlocks\Infrastructure\Infrastructure.csproj", "{BE27CEC5-CF37-47E7-B937-E963AE96D12D}"
EndProject
Project("{9A19103F-16F7-4668-BE54-9A1E7A4F7556}") = "Shared", "src\BuildingBlocks\Shared\Shared.csproj", "{BCC70006-3DCF-45BC-94C7-C2238FBF94BC}"
EndProject
Project("{9A19103F-16F7-4668-BE54-9A1E7A4F7556}") = "OcelotApiGw", "src\ApiGateways\OcelotApiGw\OcelotApiGw.csproj", "{7F5BAC31-9D35-48C2-975D-B51BEBF159FC}"
EndProject
Project("{9A19103F-16F7-4668-BE54-9A1E7A4F7556}") = "Ordering.API", "src\Services\Ordering\Ordering.API\Ordering.API.csproj", "{34CA4332-9895-4E7A-916E-1EFDBB1784B0}"
EndProject
Project("{9A19103F-16F7-4668-BE54-9A1E7A4F7556}") = "Ordering.Application", "src\Services\Ordering\Ordering.Application\Ordering.Application.csproj", "{EA6FE9AF-5B32-413C-A7F5-C1D0CD58134F}"
EndProject
Project("{9A19103F-16F7-4668-BE54-9A1E7A4F7556}") = "Ordering.Domain", "src\Services\Ordering\Ordering.Domain\Ordering.Domain.csproj", "{8B7581BE-71C3-4D4F-8704-2B937B1AB63B}"
EndProject
Project("{9A19103F-16F7-4668-BE54-9A1E7A4F7556}") = "Ordering.Infrastructure", "src\Services\Ordering\Ordering.Infrastructure\Ordering.Infrastructure.csproj", "{8CA666C5-5A1F-491A-849C-1AE12663584B}"
EndProject
Project("{2150E333-8FDC-42A3-9474-1A3956D46DE8}") = "EventBus", "EventBus", "{786EC518-D785-4930-9418-00CED6E29AD8}"
EndProject
Project("{9A19103F-16F7-4668-BE54-9A1E7A4F7556}") = "EventBus.MessageComponents", "src\BuildingBlocks\EventBus\EventBus.MessageComponents\EventBus.MessageComponents.csproj", "{3A528843-FB39-434A-8ACD-707A33DB44C1}"
EndProject
Project("{9A19103F-16F7-4668-BE54-9A1E7A4F7556}") = "EventBus.Messages", "src\BuildingBlocks\EventBus\EventBus.Messages\EventBus.Messages.csproj", "{39FD9FEA-A438-4072-986D-CC0F3195039C}"
EndProject
Project("{9A19103F-16F7-4668-BE54-9A1E7A4F7556}") = "Inventory.Product.API", "src\Services\Inventory\Inventory.Product.API\Inventory.Product.API.csproj", "{4EF9943D-73CB-408C-85EC-16DF5A85D1AF}"
EndProject
Project("{9A19103F-16F7-4668-BE54-9A1E7A4F7556}") = "Inventory.Grpc", "src\Services\Inventory\Inventory.Grpc\Inventory.Grpc.csproj", "{691347EE-DE49-4639-A70A-1F0410B030A9}"
EndProject
Project("{2150E333-8FDC-42A3-9474-1A3956D46DE8}") = "Saga.Orchestrator", "Saga.Orchestrator", "{3E370327-A27B-4C5C-A586-5676FD13C5F9}"
EndProject
Project("{FAE04EC0-301F-11D3-BF4B-00C04F79EFBC}") = "Saga.Orchestrator", "src\Saga.Orchestrator\Saga.Orchestrator\Saga.Orchestrator.csproj", "{69E2A41E-A369-426E-B443-0D414AA824E4}"
EndProject
Global
	GlobalSection(SolutionConfigurationPlatforms) = preSolution
		Debug|Any CPU = Debug|Any CPU
		Release|Any CPU = Release|Any CPU
	EndGlobalSection
	GlobalSection(ProjectConfigurationPlatforms) = postSolution
		{818C972B-7BD2-4D4B-8C29-3E1398F973FC}.Debug|Any CPU.ActiveCfg = Debug|Any CPU
		{818C972B-7BD2-4D4B-8C29-3E1398F973FC}.Debug|Any CPU.Build.0 = Debug|Any CPU
		{818C972B-7BD2-4D4B-8C29-3E1398F973FC}.Release|Any CPU.ActiveCfg = Release|Any CPU
		{818C972B-7BD2-4D4B-8C29-3E1398F973FC}.Release|Any CPU.Build.0 = Release|Any CPU
		{8AA7D96B-2D4E-42B9-8869-98C25AE59DE9}.Debug|Any CPU.ActiveCfg = Debug|Any CPU
		{8AA7D96B-2D4E-42B9-8869-98C25AE59DE9}.Debug|Any CPU.Build.0 = Debug|Any CPU
		{8AA7D96B-2D4E-42B9-8869-98C25AE59DE9}.Release|Any CPU.ActiveCfg = Release|Any CPU
		{8AA7D96B-2D4E-42B9-8869-98C25AE59DE9}.Release|Any CPU.Build.0 = Release|Any CPU
		{795AF61E-40AE-4363-8126-D1EF3E2CF7FB}.Debug|Any CPU.ActiveCfg = Debug|Any CPU
		{795AF61E-40AE-4363-8126-D1EF3E2CF7FB}.Debug|Any CPU.Build.0 = Debug|Any CPU
		{795AF61E-40AE-4363-8126-D1EF3E2CF7FB}.Release|Any CPU.ActiveCfg = Release|Any CPU
		{795AF61E-40AE-4363-8126-D1EF3E2CF7FB}.Release|Any CPU.Build.0 = Release|Any CPU
		{C920027D-93DD-4829-93EF-499F95E97EF7}.Debug|Any CPU.ActiveCfg = Debug|Any CPU
		{C920027D-93DD-4829-93EF-499F95E97EF7}.Debug|Any CPU.Build.0 = Debug|Any CPU
		{C920027D-93DD-4829-93EF-499F95E97EF7}.Release|Any CPU.ActiveCfg = Release|Any CPU
		{C920027D-93DD-4829-93EF-499F95E97EF7}.Release|Any CPU.Build.0 = Release|Any CPU
		{C3E9C2F4-65E7-4EC5-994B-5580FBE3C326}.Debug|Any CPU.ActiveCfg = Debug|Any CPU
		{C3E9C2F4-65E7-4EC5-994B-5580FBE3C326}.Debug|Any CPU.Build.0 = Debug|Any CPU
		{C3E9C2F4-65E7-4EC5-994B-5580FBE3C326}.Release|Any CPU.ActiveCfg = Release|Any CPU
		{C3E9C2F4-65E7-4EC5-994B-5580FBE3C326}.Release|Any CPU.Build.0 = Release|Any CPU
		{59B2D52D-66B0-45DB-8237-5DEB4EBB99D8}.Debug|Any CPU.ActiveCfg = Debug|Any CPU
		{59B2D52D-66B0-45DB-8237-5DEB4EBB99D8}.Debug|Any CPU.Build.0 = Debug|Any CPU
		{59B2D52D-66B0-45DB-8237-5DEB4EBB99D8}.Release|Any CPU.ActiveCfg = Release|Any CPU
		{59B2D52D-66B0-45DB-8237-5DEB4EBB99D8}.Release|Any CPU.Build.0 = Release|Any CPU
		{27723EF1-6439-4389-9AE9-C03CB207D493}.Debug|Any CPU.ActiveCfg = Debug|Any CPU
		{27723EF1-6439-4389-9AE9-C03CB207D493}.Debug|Any CPU.Build.0 = Debug|Any CPU
		{27723EF1-6439-4389-9AE9-C03CB207D493}.Release|Any CPU.ActiveCfg = Release|Any CPU
		{27723EF1-6439-4389-9AE9-C03CB207D493}.Release|Any CPU.Build.0 = Release|Any CPU
		{BE27CEC5-CF37-47E7-B937-E963AE96D12D}.Debug|Any CPU.ActiveCfg = Debug|Any CPU
		{BE27CEC5-CF37-47E7-B937-E963AE96D12D}.Debug|Any CPU.Build.0 = Debug|Any CPU
		{BE27CEC5-CF37-47E7-B937-E963AE96D12D}.Release|Any CPU.ActiveCfg = Release|Any CPU
		{BE27CEC5-CF37-47E7-B937-E963AE96D12D}.Release|Any CPU.Build.0 = Release|Any CPU
		{BCC70006-3DCF-45BC-94C7-C2238FBF94BC}.Debug|Any CPU.ActiveCfg = Debug|Any CPU
		{BCC70006-3DCF-45BC-94C7-C2238FBF94BC}.Debug|Any CPU.Build.0 = Debug|Any CPU
		{BCC70006-3DCF-45BC-94C7-C2238FBF94BC}.Release|Any CPU.ActiveCfg = Release|Any CPU
		{BCC70006-3DCF-45BC-94C7-C2238FBF94BC}.Release|Any CPU.Build.0 = Release|Any CPU
		{7F5BAC31-9D35-48C2-975D-B51BEBF159FC}.Debug|Any CPU.ActiveCfg = Debug|Any CPU
		{7F5BAC31-9D35-48C2-975D-B51BEBF159FC}.Debug|Any CPU.Build.0 = Debug|Any CPU
		{7F5BAC31-9D35-48C2-975D-B51BEBF159FC}.Release|Any CPU.ActiveCfg = Release|Any CPU
		{7F5BAC31-9D35-48C2-975D-B51BEBF159FC}.Release|Any CPU.Build.0 = Release|Any CPU
		{34CA4332-9895-4E7A-916E-1EFDBB1784B0}.Debug|Any CPU.ActiveCfg = Debug|Any CPU
		{34CA4332-9895-4E7A-916E-1EFDBB1784B0}.Debug|Any CPU.Build.0 = Debug|Any CPU
		{34CA4332-9895-4E7A-916E-1EFDBB1784B0}.Release|Any CPU.ActiveCfg = Release|Any CPU
		{34CA4332-9895-4E7A-916E-1EFDBB1784B0}.Release|Any CPU.Build.0 = Release|Any CPU
		{EA6FE9AF-5B32-413C-A7F5-C1D0CD58134F}.Debug|Any CPU.ActiveCfg = Debug|Any CPU
		{EA6FE9AF-5B32-413C-A7F5-C1D0CD58134F}.Debug|Any CPU.Build.0 = Debug|Any CPU
		{EA6FE9AF-5B32-413C-A7F5-C1D0CD58134F}.Release|Any CPU.ActiveCfg = Release|Any CPU
		{EA6FE9AF-5B32-413C-A7F5-C1D0CD58134F}.Release|Any CPU.Build.0 = Release|Any CPU
		{8B7581BE-71C3-4D4F-8704-2B937B1AB63B}.Debug|Any CPU.ActiveCfg = Debug|Any CPU
		{8B7581BE-71C3-4D4F-8704-2B937B1AB63B}.Debug|Any CPU.Build.0 = Debug|Any CPU
		{8B7581BE-71C3-4D4F-8704-2B937B1AB63B}.Release|Any CPU.ActiveCfg = Release|Any CPU
		{8B7581BE-71C3-4D4F-8704-2B937B1AB63B}.Release|Any CPU.Build.0 = Release|Any CPU
		{8CA666C5-5A1F-491A-849C-1AE12663584B}.Debug|Any CPU.ActiveCfg = Debug|Any CPU
		{8CA666C5-5A1F-491A-849C-1AE12663584B}.Debug|Any CPU.Build.0 = Debug|Any CPU
		{8CA666C5-5A1F-491A-849C-1AE12663584B}.Release|Any CPU.ActiveCfg = Release|Any CPU
		{8CA666C5-5A1F-491A-849C-1AE12663584B}.Release|Any CPU.Build.0 = Release|Any CPU
		{3A528843-FB39-434A-8ACD-707A33DB44C1}.Debug|Any CPU.ActiveCfg = Debug|Any CPU
		{3A528843-FB39-434A-8ACD-707A33DB44C1}.Debug|Any CPU.Build.0 = Debug|Any CPU
		{3A528843-FB39-434A-8ACD-707A33DB44C1}.Release|Any CPU.ActiveCfg = Release|Any CPU
		{3A528843-FB39-434A-8ACD-707A33DB44C1}.Release|Any CPU.Build.0 = Release|Any CPU
		{39FD9FEA-A438-4072-986D-CC0F3195039C}.Debug|Any CPU.ActiveCfg = Debug|Any CPU
		{39FD9FEA-A438-4072-986D-CC0F3195039C}.Debug|Any CPU.Build.0 = Debug|Any CPU
		{39FD9FEA-A438-4072-986D-CC0F3195039C}.Release|Any CPU.ActiveCfg = Release|Any CPU
		{39FD9FEA-A438-4072-986D-CC0F3195039C}.Release|Any CPU.Build.0 = Release|Any CPU
		{4EF9943D-73CB-408C-85EC-16DF5A85D1AF}.Debug|Any CPU.ActiveCfg = Debug|Any CPU
		{4EF9943D-73CB-408C-85EC-16DF5A85D1AF}.Debug|Any CPU.Build.0 = Debug|Any CPU
		{4EF9943D-73CB-408C-85EC-16DF5A85D1AF}.Release|Any CPU.ActiveCfg = Release|Any CPU
		{4EF9943D-73CB-408C-85EC-16DF5A85D1AF}.Release|Any CPU.Build.0 = Release|Any CPU
		{691347EE-DE49-4639-A70A-1F0410B030A9}.Debug|Any CPU.ActiveCfg = Debug|Any CPU
		{691347EE-DE49-4639-A70A-1F0410B030A9}.Debug|Any CPU.Build.0 = Debug|Any CPU
		{691347EE-DE49-4639-A70A-1F0410B030A9}.Release|Any CPU.ActiveCfg = Release|Any CPU
		{691347EE-DE49-4639-A70A-1F0410B030A9}.Release|Any CPU.Build.0 = Release|Any CPU
		{69E2A41E-A369-426E-B443-0D414AA824E4}.Debug|Any CPU.ActiveCfg = Debug|Any CPU
		{69E2A41E-A369-426E-B443-0D414AA824E4}.Debug|Any CPU.Build.0 = Debug|Any CPU
		{69E2A41E-A369-426E-B443-0D414AA824E4}.Release|Any CPU.ActiveCfg = Release|Any CPU
		{69E2A41E-A369-426E-B443-0D414AA824E4}.Release|Any CPU.Build.0 = Release|Any CPU
	EndGlobalSection
	GlobalSection(SolutionProperties) = preSolution
		HideSolutionNode = FALSE
	EndGlobalSection
	GlobalSection(NestedProjects) = preSolution
		{AAFB5B3F-E2BB-45A1-A6BB-52F8B4ED19DD} = {967A9BC6-537B-4597-B9B1-6599277A9E1B}
		{5F8B2AD4-5D62-4D82-AB9A-5A6F4C0485A9} = {967A9BC6-537B-4597-B9B1-6599277A9E1B}
		{6E5408BB-BD1A-49A3-9309-FEEEE66F96A9} = {967A9BC6-537B-4597-B9B1-6599277A9E1B}
		{BA1A73EF-EC60-4E9D-8BA8-090B86C7A167} = {967A9BC6-537B-4597-B9B1-6599277A9E1B}
		{818C972B-7BD2-4D4B-8C29-3E1398F973FC} = {5F8B2AD4-5D62-4D82-AB9A-5A6F4C0485A9}
		{F48FEF35-EDB2-4060-A979-B87D2C1D8F71} = {6E5408BB-BD1A-49A3-9309-FEEEE66F96A9}
		{3384165A-921D-41D8-971C-D616B08E91FB} = {6E5408BB-BD1A-49A3-9309-FEEEE66F96A9}
		{EAD10AFA-9958-4F09-B5A9-3C518AA5A6A1} = {6E5408BB-BD1A-49A3-9309-FEEEE66F96A9}
		{E43857A4-3F08-4A47-9045-79469E0C5701} = {6E5408BB-BD1A-49A3-9309-FEEEE66F96A9}
		{C56328F9-F260-4A4A-9F6A-47236601F780} = {6E5408BB-BD1A-49A3-9309-FEEEE66F96A9}
		{70CEBA62-B438-4BCB-A7BB-6DB1E39B3DB3} = {6E5408BB-BD1A-49A3-9309-FEEEE66F96A9}
		{8AA7D96B-2D4E-42B9-8869-98C25AE59DE9} = {BA1A73EF-EC60-4E9D-8BA8-090B86C7A167}
		{795AF61E-40AE-4363-8126-D1EF3E2CF7FB} = {F48FEF35-EDB2-4060-A979-B87D2C1D8F71}
		{C920027D-93DD-4829-93EF-499F95E97EF7} = {3384165A-921D-41D8-971C-D616B08E91FB}
		{C3E9C2F4-65E7-4EC5-994B-5580FBE3C326} = {C56328F9-F260-4A4A-9F6A-47236601F780}
		{59B2D52D-66B0-45DB-8237-5DEB4EBB99D8} = {70CEBA62-B438-4BCB-A7BB-6DB1E39B3DB3}
		{27723EF1-6439-4389-9AE9-C03CB207D493} = {5F8B2AD4-5D62-4D82-AB9A-5A6F4C0485A9}
		{BE27CEC5-CF37-47E7-B937-E963AE96D12D} = {5F8B2AD4-5D62-4D82-AB9A-5A6F4C0485A9}
		{BCC70006-3DCF-45BC-94C7-C2238FBF94BC} = {5F8B2AD4-5D62-4D82-AB9A-5A6F4C0485A9}
		{7F5BAC31-9D35-48C2-975D-B51BEBF159FC} = {AAFB5B3F-E2BB-45A1-A6BB-52F8B4ED19DD}
		{34CA4332-9895-4E7A-916E-1EFDBB1784B0} = {E43857A4-3F08-4A47-9045-79469E0C5701}
		{EA6FE9AF-5B32-413C-A7F5-C1D0CD58134F} = {E43857A4-3F08-4A47-9045-79469E0C5701}
		{8B7581BE-71C3-4D4F-8704-2B937B1AB63B} = {E43857A4-3F08-4A47-9045-79469E0C5701}
		{8CA666C5-5A1F-491A-849C-1AE12663584B} = {E43857A4-3F08-4A47-9045-79469E0C5701}
		{786EC518-D785-4930-9418-00CED6E29AD8} = {5F8B2AD4-5D62-4D82-AB9A-5A6F4C0485A9}
		{3A528843-FB39-434A-8ACD-707A33DB44C1} = {786EC518-D785-4930-9418-00CED6E29AD8}
		{39FD9FEA-A438-4072-986D-CC0F3195039C} = {786EC518-D785-4930-9418-00CED6E29AD8}
		{4EF9943D-73CB-408C-85EC-16DF5A85D1AF} = {EAD10AFA-9958-4F09-B5A9-3C518AA5A6A1}
		{691347EE-DE49-4639-A70A-1F0410B030A9} = {EAD10AFA-9958-4F09-B5A9-3C518AA5A6A1}
		{3E370327-A27B-4C5C-A586-5676FD13C5F9} = {967A9BC6-537B-4597-B9B1-6599277A9E1B}
		{69E2A41E-A369-426E-B443-0D414AA824E4} = {3E370327-A27B-4C5C-A586-5676FD13C5F9}
	EndGlobalSection
	GlobalSection(ExtensibilityGlobals) = postSolution
		SolutionGuid = {1EC1B494-8DC5-49D6-A795-5F49D5E2A4BF}
	EndGlobalSection
EndGlobal
